// !$*UTF8*$!
{
	archiveVersion = 1;
	classes = {
	};
	objectVersion = 50;
	objects = {

/* Begin PBXBuildFile section */
		ACAE557B26061C0700BFB05C /* AppDelegate.swift in Sources */ = {isa = PBXBuildFile; fileRef = ACAE557A26061C0700BFB05C /* AppDelegate.swift */; };
		ACAE557D26061C0700BFB05C /* SceneDelegate.swift in Sources */ = {isa = PBXBuildFile; fileRef = ACAE557C26061C0700BFB05C /* SceneDelegate.swift */; };
		ACAE557F26061C0700BFB05C /* ViewController.swift in Sources */ = {isa = PBXBuildFile; fileRef = ACAE557E26061C0700BFB05C /* ViewController.swift */; };
		ACAE558226061C0700BFB05C /* Main.storyboard in Resources */ = {isa = PBXBuildFile; fileRef = ACAE558026061C0700BFB05C /* Main.storyboard */; };
		ACAE558426061C0B00BFB05C /* Assets.xcassets in Resources */ = {isa = PBXBuildFile; fileRef = ACAE558326061C0B00BFB05C /* Assets.xcassets */; };
		ACAE558726061C0B00BFB05C /* LaunchScreen.storyboard in Resources */ = {isa = PBXBuildFile; fileRef = ACAE558526061C0B00BFB05C /* LaunchScreen.storyboard */; };
/* End PBXBuildFile section */

/* Begin PBXFileReference section */
		ACAE557726061C0700BFB05C /* FIT5120_MyAllerGone.app */ = {isa = PBXFileReference; explicitFileType = wrapper.application; includeInIndex = 0; path = FIT5120_MyAllerGone.app; sourceTree = BUILT_PRODUCTS_DIR; };
		ACAE557A26061C0700BFB05C /* AppDelegate.swift */ = {isa = PBXFileReference; lastKnownFileType = sourcecode.swift; path = AppDelegate.swift; sourceTree = "<group>"; };
		ACAE557C26061C0700BFB05C /* SceneDelegate.swift */ = {isa = PBXFileReference; lastKnownFileType = sourcecode.swift; path = SceneDelegate.swift; sourceTree = "<group>"; };
		ACAE557E26061C0700BFB05C /* ViewController.swift */ = {isa = PBXFileReference; lastKnownFileType = sourcecode.swift; path = ViewController.swift; sourceTree = "<group>"; };
		ACAE558126061C0700BFB05C /* Base */ = {isa = PBXFileReference; lastKnownFileType = file.storyboard; name = Base; path = Base.lproj/Main.storyboard; sourceTree = "<group>"; };
		ACAE558326061C0B00BFB05C /* Assets.xcassets */ = {isa = PBXFileReference; lastKnownFileType = folder.assetcatalog; path = Assets.xcassets; sourceTree = "<group>"; };
		ACAE558626061C0B00BFB05C /* Base */ = {isa = PBXFileReference; lastKnownFileType = file.storyboard; name = Base; path = Base.lproj/LaunchScreen.storyboard; sourceTree = "<group>"; };
		ACAE558826061C0B00BFB05C /* Info.plist */ = {isa = PBXFileReference; lastKnownFileType = text.plist.xml; path = Info.plist; sourceTree = "<group>"; };
/* End PBXFileReference section */

/* Begin PBXFrameworksBuildPhase section */
		ACAE557426061C0700BFB05C /* Frameworks */ = {
			isa = PBXFrameworksBuildPhase;
			buildActionMask = 2147483647;
			files = (
			);
			runOnlyForDeploymentPostprocessing = 0;
		};
/* End PBXFrameworksBuildPhase section */

/* Begin PBXGroup section */
		ACAE556E26061C0700BFB05C = {
			isa = PBXGroup;
			children = (
				ACAE557926061C0700BFB05C /* FIT5120_MyAllerGone */,
				ACAE557826061C0700BFB05C /* Products */,
			);
			sourceTree = "<group>";
		};
		ACAE557826061C0700BFB05C /* Products */ = {
			isa = PBXGroup;
			children = (
				ACAE557726061C0700BFB05C /* FIT5120_MyAllerGone.app */,
			);
			name = Products;
			sourceTree = "<group>";
		};
		ACAE557926061C0700BFB05C /* FIT5120_MyAllerGone */ = {
			isa = PBXGroup;
			children = (
				ACAE557A26061C0700BFB05C /* AppDelegate.swift */,
				ACAE557C26061C0700BFB05C /* SceneDelegate.swift */,
				ACAE557E26061C0700BFB05C /* ViewController.swift */,
				ACAE558026061C0700BFB05C /* Main.storyboard */,
				ACAE558326061C0B00BFB05C /* Assets.xcassets */,
				ACAE558526061C0B00BFB05C /* LaunchScreen.storyboard */,
				ACAE558826061C0B00BFB05C /* Info.plist */,
			);
			path = FIT5120_MyAllerGone;
			sourceTree = "<group>";
		};
/* End PBXGroup section */

/* Begin PBXNativeTarget section */
		ACAE557626061C0700BFB05C /* FIT5120_MyAllerGone */ = {
			isa = PBXNativeTarget;
			buildConfigurationList = ACAE558B26061C0B00BFB05C /* Build configuration list for PBXNativeTarget "FIT5120_MyAllerGone" */;
			buildPhases = (
				ACAE557326061C0700BFB05C /* Sources */,
				ACAE557426061C0700BFB05C /* Frameworks */,
				ACAE557526061C0700BFB05C /* Resources */,
			);
			buildRules = (
			);
			dependencies = (
			);
			name = FIT5120_MyAllerGone;
			productName = FIT5120_MyAllerGone;
			productReference = ACAE557726061C0700BFB05C /* FIT5120_MyAllerGone.app */;
			productType = "com.apple.product-type.application";
		};
/* End PBXNativeTarget section */

/* Begin PBXProject section */
		ACAE556F26061C0700BFB05C /* Project object */ = {
			isa = PBXProject;
			attributes = {
				LastSwiftUpdateCheck = 1240;
				LastUpgradeCheck = 1240;
				TargetAttributes = {
					ACAE557626061C0700BFB05C = {
						CreatedOnToolsVersion = 12.4;
					};
				};
			};
			buildConfigurationList = ACAE557226061C0700BFB05C /* Build configuration list for PBXProject "FIT5120_MyAllerGone" */;
			compatibilityVersion = "Xcode 9.3";
			developmentRegion = en;
			hasScannedForEncodings = 0;
			knownRegions = (
				en,
				Base,
			);
			mainGroup = ACAE556E26061C0700BFB05C;
			productRefGroup = ACAE557826061C0700BFB05C /* Products */;
			projectDirPath = "";
			projectRoot = "";
			targets = (
				ACAE557626061C0700BFB05C /* FIT5120_MyAllerGone */,
			);
		};
/* End PBXProject section */

/* Begin PBXResourcesBuildPhase section */
		ACAE557526061C0700BFB05C /* Resources */ = {
			isa = PBXResourcesBuildPhase;
			buildActionMask = 2147483647;
			files = (
				ACAE558726061C0B00BFB05C /* LaunchScreen.storyboard in Resources */,
				ACAE558426061C0B00BFB05C /* Assets.xcassets in Resources */,
				ACAE558226061C0700BFB05C /* Main.storyboard in Resources */,
			);
			runOnlyForDeploymentPostprocessing = 0;
		};
/* End PBXResourcesBuildPhase section */

/* Begin PBXSourcesBuildPhase section */
		ACAE557326061C0700BFB05C /* Sources */ = {
			isa = PBXSourcesBuildPhase;
			buildActionMask = 2147483647;
			files = (
				ACAE557F26061C0700BFB05C /* ViewController.swift in Sources */,
				ACAE557B26061C0700BFB05C /* AppDelegate.swift in Sources */,
				ACAE557D26061C0700BFB05C /* SceneDelegate.swift in Sources */,
			);
			runOnlyForDeploymentPostprocessing = 0;
		};
/* End PBXSourcesBuildPhase section */

/* Begin PBXVariantGroup section */
		ACAE558026061C0700BFB05C /* Main.storyboard */ = {
			isa = PBXVariantGroup;
			children = (
				ACAE558126061C0700BFB05C /* Base */,
			);
			name = Main.storyboard;
			sourceTree = "<group>";
		};
		ACAE558526061C0B00BFB05C /* LaunchScreen.storyboard */ = {
			isa = PBXVariantGroup;
			children = (
				ACAE558626061C0B00BFB05C /* Base */,
			);
			name = LaunchScreen.storyboard;
			sourceTree = "<group>";
		};
/* End PBXVariantGroup section */

/* Begin XCBuildConfiguration section */
		ACAE558926061C0B00BFB05C /* Debug */ = {
			isa = XCBuildConfiguration;
			buildSettings = {
				ALWAYS_SEARCH_USER_PATHS = NO;
				CLANG_ANALYZER_NONNULL = YES;
				CLANG_ANALYZER_NUMBER_OBJECT_CONVERSION = YES_AGGRESSIVE;
				CLANG_CXX_LANGUAGE_STANDARD = "gnu++14";
				CLANG_CXX_LIBRARY = "libc++";
				CLANG_ENABLE_MODULES = YES;
				CLANG_ENABLE_OBJC_ARC = YES;
				CLANG_ENABLE_OBJC_WEAK = YES;
				CLANG_WARN_BLOCK_CAPTURE_AUTORELEASING = YES;
				CLANG_WARN_BOOL_CONVERSION = YES;
				CLANG_WARN_COMMA = YES;
				CLANG_WARN_CONSTANT_CONVERSION = YES;
				CLANG_WARN_DEPRECATED_OBJC_IMPLEMENTATIONS = YES;
				CLANG_WARN_DIRECT_OBJC_ISA_USAGE = YES_ERROR;
				CLANG_WARN_DOCUMENTATION_COMMENTS = YES;
				CLANG_WARN_EMPTY_BODY = YES;
				CLANG_WARN_ENUM_CONVERSION = YES;
				CLANG_WARN_INFINITE_RECURSION = YES;
				CLANG_WARN_INT_CONVERSION = YES;
				CLANG_WARN_NON_LITERAL_NULL_CONVERSION = YES;
				CLANG_WARN_OBJC_IMPLICIT_RETAIN_SELF = YES;
				CLANG_WARN_OBJC_LITERAL_CONVERSION = YES;
				CLANG_WARN_OBJC_ROOT_CLASS = YES_ERROR;
				CLANG_WARN_QUOTED_INCLUDE_IN_FRAMEWORK_HEADER = YES;
				CLANG_WARN_RANGE_LOOP_ANALYSIS = YES;
				CLANG_WARN_STRICT_PROTOTYPES = YES;
				CLANG_WARN_SUSPICIOUS_MOVE = YES;
				CLANG_WARN_UNGUARDED_AVAILABILITY = YES_AGGRESSIVE;
				CLANG_WARN_UNREACHABLE_CODE = YES;
				CLANG_WARN__DUPLICATE_METHOD_MATCH = YES;
				COPY_PHASE_STRIP = NO;
				DEBUG_INFORMATION_FORMAT = dwarf;
				ENABLE_STRICT_OBJC_MSGSEND = YES;
				ENABLE_TESTABILITY = YES;
				GCC_C_LANGUAGE_STANDARD = gnu11;
				GCC_DYNAMIC_NO_PIC = NO;
				GCC_NO_COMMON_BLOCKS = YES;
				GCC_OPTIMIZATION_LEVEL = 0;
				GCC_PREPROCESSOR_DEFINITIONS = (
					"DEBUG=1",
					"$(inherited)",
				);
				GCC_WARN_64_TO_32_BIT_CONVERSION = YES;
				GCC_WARN_ABOUT_RETURN_TYPE = YES_ERROR;
				GCC_WARN_UNDECLARED_SELECTOR = YES;
				GCC_WARN_UNINITIALIZED_AUTOS = YES_AGGRESSIVE;
				GCC_WARN_UNUSED_FUNCTION = YES;
				GCC_WARN_UNUSED_VARIABLE = YES;
				IPHONEOS_DEPLOYMENT_TARGET = 14.4;
				MTL_ENABLE_DEBUG_INFO = INCLUDE_SOURCE;
				MTL_FAST_MATH = YES;
				ONLY_ACTIVE_ARCH = YES;
				SDKROOT = iphoneos;
				SWIFT_ACTIVE_COMPILATION_CONDITIONS = DEBUG;
				SWIFT_OPTIMIZATION_LEVEL = "-Onone";
			};
			name = Debug;
		};
		ACAE558A26061C0B00BFB05C /* Release */ = {
			isa = XCBuildConfiguration;
			buildSettings = {
				ALWAYS_SEARCH_USER_PATHS = NO;
				CLANG_ANALYZER_NONNULL = YES;
				CLANG_ANALYZER_NUMBER_OBJECT_CONVERSION = YES_AGGRESSIVE;
				CLANG_CXX_LANGUAGE_STANDARD = "gnu++14";
				CLANG_CXX_LIBRARY = "libc++";
				CLANG_ENABLE_MODULES = YES;
				CLANG_ENABLE_OBJC_ARC = YES;
				CLANG_ENABLE_OBJC_WEAK = YES;
				CLANG_WARN_BLOCK_CAPTURE_AUTORELEASING = YES;
				CLANG_WARN_BOOL_CONVERSION = YES;
				CLANG_WARN_COMMA = YES;
				CLANG_WARN_CONSTANT_CONVERSION = YES;
				CLANG_WARN_DEPRECATED_OBJC_IMPLEMENTATIONS = YES;
				CLANG_WARN_DIRECT_OBJC_ISA_USAGE = YES_ERROR;
				CLANG_WARN_DOCUMENTATION_COMMENTS = YES;
				CLANG_WARN_EMPTY_BODY = YES;
				CLANG_WARN_ENUM_CONVERSION = YES;
				CLANG_WARN_INFINITE_RECURSION = YES;
				CLANG_WARN_INT_CONVERSION = YES;
				CLANG_WARN_NON_LITERAL_NULL_CONVERSION = YES;
				CLANG_WARN_OBJC_IMPLICIT_RETAIN_SELF = YES;
				CLANG_WARN_OBJC_LITERAL_CONVERSION = YES;
				CLANG_WARN_OBJC_ROOT_CLASS = YES_ERROR;
				CLANG_WARN_QUOTED_INCLUDE_IN_FRAMEWORK_HEADER = YES;
				CLANG_WARN_RANGE_LOOP_ANALYSIS = YES;
				CLANG_WARN_STRICT_PROTOTYPES = YES;
				CLANG_WARN_SUSPICIOUS_MOVE = YES;
				CLANG_WARN_UNGUARDED_AVAILABILITY = YES_AGGRESSIVE;
				CLANG_WARN_UNREACHABLE_CODE = YES;
				CLANG_WARN__DUPLICATE_METHOD_MATCH = YES;
				COPY_PHASE_STRIP = NO;
				DEBUG_INFORMATION_FORMAT = "dwarf-with-dsym";
				ENABLE_NS_ASSERTIONS = NO;
				ENABLE_STRICT_OBJC_MSGSEND = YES;
				GCC_C_LANGUAGE_STANDARD = gnu11;
				GCC_NO_COMMON_BLOCKS = YES;
				GCC_WARN_64_TO_32_BIT_CONVERSION = YES;
				GCC_WARN_ABOUT_RETURN_TYPE = YES_ERROR;
				GCC_WARN_UNDECLARED_SELECTOR = YES;
				GCC_WARN_UNINITIALIZED_AUTOS = YES_AGGRESSIVE;
				GCC_WARN_UNUSED_FUNCTION = YES;
				GCC_WARN_UNUSED_VARIABLE = YES;
				IPHONEOS_DEPLOYMENT_TARGET = 14.4;
				MTL_ENABLE_DEBUG_INFO = NO;
				MTL_FAST_MATH = YES;
				SDKROOT = iphoneos;
				SWIFT_COMPILATION_MODE = wholemodule;
				SWIFT_OPTIMIZATION_LEVEL = "-O";
				VALIDATE_PRODUCT = YES;
			};
			name = Release;
		};
		ACAE558C26061C0B00BFB05C /* Debug */ = {
			isa = XCBuildConfiguration;
			buildSettings = {
				ASSETCATALOG_COMPILER_APPICON_NAME = AppIcon;
				ASSETCATALOG_COMPILER_GLOBAL_ACCENT_COLOR_NAME = AccentColor;
				CODE_SIGN_STYLE = Automatic;
				DEVELOPMENT_TEAM = HA2J743349;
				INFOPLIST_FILE = FIT5120_MyAllerGone/Info.plist;
				LD_RUNPATH_SEARCH_PATHS = (
					"$(inherited)",
					"@executable_path/Frameworks",
				);
				PRODUCT_BUNDLE_IDENTIFIER = "edu.monash.FIT5120-MyAllerGone";
				PRODUCT_NAME = "$(TARGET_NAME)";
				SWIFT_VERSION = 5.0;
				TARGETED_DEVICE_FAMILY = "1,2";
			};
			name = Debug;
		};
		ACAE558D26061C0B00BFB05C /* Release */ = {
			isa = XCBuildConfiguration;
			buildSettings = {
				ASSETCATALOG_COMPILER_APPICON_NAME = AppIcon;
				ASSETCATALOG_COMPILER_GLOBAL_ACCENT_COLOR_NAME = AccentColor;
				CODE_SIGN_STYLE = Automatic;
				DEVELOPMENT_TEAM = HA2J743349;
				INFOPLIST_FILE = FIT5120_MyAllerGone/Info.plist;
				LD_RUNPATH_SEARCH_PATHS = (
					"$(inherited)",
					"@executable_path/Frameworks",
				);
				PRODUCT_BUNDLE_IDENTIFIER = "edu.monash.FIT5120-MyAllerGone";
				PRODUCT_NAME = "$(TARGET_NAME)";
				SWIFT_VERSION = 5.0;
				TARGETED_DEVICE_FAMILY = "1,2";
			};
			name = Release;
		};
/* End XCBuildConfiguration section */

/* Begin XCConfigurationList section */
		ACAE557226061C0700BFB05C /* Build configuration list for PBXProject "FIT5120_MyAllerGone" */ = {
			isa = XCConfigurationList;
			buildConfigurations = (
				ACAE558926061C0B00BFB05C /* Debug */,
				ACAE558A26061C0B00BFB05C /* Release */,
			);
			defaultConfigurationIsVisible = 0;
			defaultConfigurationName = Release;
		};
		ACAE558B26061C0B00BFB05C /* Build configuration list for PBXNativeTarget "FIT5120_MyAllerGone" */ = {
			isa = XCConfigurationList;
			buildConfigurations = (
				ACAE558C26061C0B00BFB05C /* Debug */,
				ACAE558D26061C0B00BFB05C /* Release */,
			);
			defaultConfigurationIsVisible = 0;
			defaultConfigurationName = Release;
		};
/* End XCConfigurationList section */
	};
	rootObject = ACAE556F26061C0700BFB05C /* Project object */;
}
